// !$*UTF8*$!
{
	archiveVersion = 1;
	classes = {
	};
	objectVersion = 46;
	objects = {

/* Begin PBXBuildFile section */
		5C00E2C71CD92E8F006EB1AA /* AppDelegate.swift in Sources */ = {isa = PBXBuildFile; fileRef = 5C00E2C61CD92E8F006EB1AA /* AppDelegate.swift */; };
		5C00E2C91CD92E8F006EB1AA /* ViewController.swift in Sources */ = {isa = PBXBuildFile; fileRef = 5C00E2C81CD92E8F006EB1AA /* ViewController.swift */; };
		5C00E2CC1CD92E8F006EB1AA /* Main.storyboard in Resources */ = {isa = PBXBuildFile; fileRef = 5C00E2CA1CD92E8F006EB1AA /* Main.storyboard */; };
		5C00E2CF1CD92E8F006EB1AA /* RoposoAssignment.xcdatamodeld in Sources */ = {isa = PBXBuildFile; fileRef = 5C00E2CD1CD92E8F006EB1AA /* RoposoAssignment.xcdatamodeld */; };
		5C00E2D11CD92E8F006EB1AA /* Assets.xcassets in Resources */ = {isa = PBXBuildFile; fileRef = 5C00E2D01CD92E8F006EB1AA /* Assets.xcassets */; };
		5C00E2D41CD92E8F006EB1AA /* LaunchScreen.storyboard in Resources */ = {isa = PBXBuildFile; fileRef = 5C00E2D21CD92E8F006EB1AA /* LaunchScreen.storyboard */; };
		5C00E2DC1CD93F94006EB1AA /* iOSData.json in Resources */ = {isa = PBXBuildFile; fileRef = 5C00E2DB1CD93F94006EB1AA /* iOSData.json */; };
		5CAF98C61CDA85F400B00E71 /* User+CoreDataProperties.swift in Sources */ = {isa = PBXBuildFile; fileRef = 5CAF98C41CDA85F400B00E71 /* User+CoreDataProperties.swift */; settings = {ASSET_TAGS = (); }; };
		5CAF98C71CDA85F400B00E71 /* User.swift in Sources */ = {isa = PBXBuildFile; fileRef = 5CAF98C51CDA85F400B00E71 /* User.swift */; settings = {ASSET_TAGS = (); }; };
		5CAF98CA1CDA861200B00E71 /* Story+CoreDataProperties.swift in Sources */ = {isa = PBXBuildFile; fileRef = 5CAF98C81CDA861200B00E71 /* Story+CoreDataProperties.swift */; settings = {ASSET_TAGS = (); }; };
		5CAF98CB1CDA861200B00E71 /* Story.swift in Sources */ = {isa = PBXBuildFile; fileRef = 5CAF98C91CDA861200B00E71 /* Story.swift */; settings = {ASSET_TAGS = (); }; };
		5CAF98CF1CDA88CA00B00E71 /* ModelController.swift in Sources */ = {isa = PBXBuildFile; fileRef = 5CAF98CE1CDA88CA00B00E71 /* ModelController.swift */; settings = {ASSET_TAGS = (); }; };
/* End PBXBuildFile section */

/* Begin PBXFileReference section */
		5C00E2C31CD92E8F006EB1AA /* RoposoAssignment.app */ = {isa = PBXFileReference; explicitFileType = wrapper.application; includeInIndex = 0; path = RoposoAssignment.app; sourceTree = BUILT_PRODUCTS_DIR; };
		5C00E2C61CD92E8F006EB1AA /* AppDelegate.swift */ = {isa = PBXFileReference; lastKnownFileType = sourcecode.swift; path = AppDelegate.swift; sourceTree = "<group>"; };
		5C00E2C81CD92E8F006EB1AA /* ViewController.swift */ = {isa = PBXFileReference; lastKnownFileType = sourcecode.swift; path = ViewController.swift; sourceTree = "<group>"; };
		5C00E2CB1CD92E8F006EB1AA /* Base */ = {isa = PBXFileReference; lastKnownFileType = file.storyboard; name = Base; path = Base.lproj/Main.storyboard; sourceTree = "<group>"; };
		5C00E2CE1CD92E8F006EB1AA /* RoposoAssignment.xcdatamodel */ = {isa = PBXFileReference; lastKnownFileType = wrapper.xcdatamodel; path = RoposoAssignment.xcdatamodel; sourceTree = "<group>"; };
		5C00E2D01CD92E8F006EB1AA /* Assets.xcassets */ = {isa = PBXFileReference; lastKnownFileType = folder.assetcatalog; path = Assets.xcassets; sourceTree = "<group>"; };
		5C00E2D31CD92E8F006EB1AA /* Base */ = {isa = PBXFileReference; lastKnownFileType = file.storyboard; name = Base; path = Base.lproj/LaunchScreen.storyboard; sourceTree = "<group>"; };
		5C00E2D51CD92E8F006EB1AA /* Info.plist */ = {isa = PBXFileReference; lastKnownFileType = text.plist.xml; path = Info.plist; sourceTree = "<group>"; };
		5C00E2DB1CD93F94006EB1AA /* iOSData.json */ = {isa = PBXFileReference; fileEncoding = 4; lastKnownFileType = text.json; path = iOSData.json; sourceTree = "<group>"; };
		5CAF98C41CDA85F400B00E71 /* User+CoreDataProperties.swift */ = {isa = PBXFileReference; fileEncoding = 4; lastKnownFileType = sourcecode.swift; path = "User+CoreDataProperties.swift"; sourceTree = "<group>"; };
		5CAF98C51CDA85F400B00E71 /* User.swift */ = {isa = PBXFileReference; fileEncoding = 4; lastKnownFileType = sourcecode.swift; path = User.swift; sourceTree = "<group>"; };
		5CAF98C81CDA861200B00E71 /* Story+CoreDataProperties.swift */ = {isa = PBXFileReference; fileEncoding = 4; lastKnownFileType = sourcecode.swift; path = "Story+CoreDataProperties.swift"; sourceTree = "<group>"; };
		5CAF98C91CDA861200B00E71 /* Story.swift */ = {isa = PBXFileReference; fileEncoding = 4; lastKnownFileType = sourcecode.swift; path = Story.swift; sourceTree = "<group>"; };
		5CAF98CE1CDA88CA00B00E71 /* ModelController.swift */ = {isa = PBXFileReference; fileEncoding = 4; lastKnownFileType = sourcecode.swift; path = ModelController.swift; sourceTree = "<group>"; };
/* End PBXFileReference section */

/* Begin PBXFrameworksBuildPhase section */
		5C00E2C01CD92E8F006EB1AA /* Frameworks */ = {
			isa = PBXFrameworksBuildPhase;
			buildActionMask = 2147483647;
			files = (
			);
			runOnlyForDeploymentPostprocessing = 0;
		};
/* End PBXFrameworksBuildPhase section */

/* Begin PBXGroup section */
		5C00E2BA1CD92E8F006EB1AA = {
			isa = PBXGroup;
			children = (
				5C00E2C51CD92E8F006EB1AA /* RoposoAssignment */,
				5C00E2C41CD92E8F006EB1AA /* Products */,
			);
			sourceTree = "<group>";
		};
		5C00E2C41CD92E8F006EB1AA /* Products */ = {
			isa = PBXGroup;
			children = (
				5C00E2C31CD92E8F006EB1AA /* RoposoAssignment.app */,
			);
			name = Products;
			sourceTree = "<group>";
		};
		5C00E2C51CD92E8F006EB1AA /* RoposoAssignment */ = {
			isa = PBXGroup;
			children = (
				5C00E2C61CD92E8F006EB1AA /* AppDelegate.swift */,
				5C00E2C81CD92E8F006EB1AA /* ViewController.swift */,
				5C00E2DB1CD93F94006EB1AA /* iOSData.json */,
				5C00E2CA1CD92E8F006EB1AA /* Main.storyboard */,
				5C00E2D01CD92E8F006EB1AA /* Assets.xcassets */,
				5C00E2D21CD92E8F006EB1AA /* LaunchScreen.storyboard */,
				5C00E2D51CD92E8F006EB1AA /* Info.plist */,
				5C00E2CD1CD92E8F006EB1AA /* RoposoAssignment.xcdatamodeld */,
				5CAF98C81CDA861200B00E71 /* Story+CoreDataProperties.swift */,
				5CAF98CE1CDA88CA00B00E71 /* ModelController.swift */,
				5CAF98C91CDA861200B00E71 /* Story.swift */,
				5CAF98C41CDA85F400B00E71 /* User+CoreDataProperties.swift */,
				5CAF98C51CDA85F400B00E71 /* User.swift */,
			);
			path = RoposoAssignment;
			sourceTree = "<group>";
		};
/* End PBXGroup section */

/* Begin PBXNativeTarget section */
		5C00E2C21CD92E8F006EB1AA /* RoposoAssignment */ = {
			isa = PBXNativeTarget;
			buildConfigurationList = 5C00E2D81CD92E8F006EB1AA /* Build configuration list for PBXNativeTarget "RoposoAssignment" */;
			buildPhases = (
				5C00E2BF1CD92E8F006EB1AA /* Sources */,
				5C00E2C01CD92E8F006EB1AA /* Frameworks */,
				5C00E2C11CD92E8F006EB1AA /* Resources */,
			);
			buildRules = (
			);
			dependencies = (
			);
			name = RoposoAssignment;
			productName = RoposoAssignment;
			productReference = 5C00E2C31CD92E8F006EB1AA /* RoposoAssignment.app */;
			productType = "com.apple.product-type.application";
		};
/* End PBXNativeTarget section */

/* Begin PBXProject section */
		5C00E2BB1CD92E8F006EB1AA /* Project object */ = {
			isa = PBXProject;
			attributes = {
				LastUpgradeCheck = 0700;
				ORGANIZATIONNAME = "Lakshay Gupta";
				TargetAttributes = {
					5C00E2C21CD92E8F006EB1AA = {
						CreatedOnToolsVersion = 7.0;
						DevelopmentTeam = 32H6Z63S2K;
					};
				};
			};
			buildConfigurationList = 5C00E2BE1CD92E8F006EB1AA /* Build configuration list for PBXProject "RoposoAssignment" */;
			compatibilityVersion = "Xcode 3.2";
			developmentRegion = English;
			hasScannedForEncodings = 0;
			knownRegions = (
				en,
				Base,
			);
			mainGroup = 5C00E2BA1CD92E8F006EB1AA;
			productRefGroup = 5C00E2C41CD92E8F006EB1AA /* Products */;
			projectDirPath = "";
			projectRoot = "";
			targets = (
				5C00E2C21CD92E8F006EB1AA /* RoposoAssignment */,
			);
		};
/* End PBXProject section */

/* Begin PBXResourcesBuildPhase section */
		5C00E2C11CD92E8F006EB1AA /* Resources */ = {
			isa = PBXResourcesBuildPhase;
			buildActionMask = 2147483647;
			files = (
				5C00E2DC1CD93F94006EB1AA /* iOSData.json in Resources */,
				5C00E2D41CD92E8F006EB1AA /* LaunchScreen.storyboard in Resources */,
				5C00E2D11CD92E8F006EB1AA /* Assets.xcassets in Resources */,
				5C00E2CC1CD92E8F006EB1AA /* Main.storyboard in Resources */,
			);
			runOnlyForDeploymentPostprocessing = 0;
		};
/* End PBXResourcesBuildPhase section */

/* Begin PBXSourcesBuildPhase section */
		5C00E2BF1CD92E8F006EB1AA /* Sources */ = {
			isa = PBXSourcesBuildPhase;
			buildActionMask = 2147483647;
			files = (
				5CAF98CB1CDA861200B00E71 /* Story.swift in Sources */,
				5C00E2C91CD92E8F006EB1AA /* ViewController.swift in Sources */,
				5C00E2C71CD92E8F006EB1AA /* AppDelegate.swift in Sources */,
				5CAF98C61CDA85F400B00E71 /* User+CoreDataProperties.swift in Sources */,
				5CAF98C71CDA85F400B00E71 /* User.swift in Sources */,
				5CAF98CF1CDA88CA00B00E71 /* ModelController.swift in Sources */,
				5C00E2CF1CD92E8F006EB1AA /* RoposoAssignment.xcdatamodeld in Sources */,
				5CAF98CA1CDA861200B00E71 /* Story+CoreDataProperties.swift in Sources */,
			);
			runOnlyForDeploymentPostprocessing = 0;
		};
/* End PBXSourcesBuildPhase section */

/* Begin PBXVariantGroup section */
		5C00E2CA1CD92E8F006EB1AA /* Main.storyboard */ = {
			isa = PBXVariantGroup;
			children = (
				5C00E2CB1CD92E8F006EB1AA /* Base */,
			);
			name = Main.storyboard;
			sourceTree = "<group>";
		};
		5C00E2D21CD92E8F006EB1AA /* LaunchScreen.storyboard */ = {
			isa = PBXVariantGroup;
			children = (
				5C00E2D31CD92E8F006EB1AA /* Base */,
			);
			name = LaunchScreen.storyboard;
			sourceTree = "<group>";
		};
/* End PBXVariantGroup section */

/* Begin XCBuildConfiguration section */
		5C00E2D61CD92E8F006EB1AA /* Debug */ = {
			isa = XCBuildConfiguration;
			buildSettings = {
				ALWAYS_SEARCH_USER_PATHS = NO;
				CLANG_CXX_LANGUAGE_STANDARD = "gnu++0x";
				CLANG_CXX_LIBRARY = "libc++";
				CLANG_ENABLE_MODULES = YES;
				CLANG_ENABLE_OBJC_ARC = YES;
				CLANG_WARN_BOOL_CONVERSION = YES;
				CLANG_WARN_CONSTANT_CONVERSION = YES;
				CLANG_WARN_DIRECT_OBJC_ISA_USAGE = YES_ERROR;
				CLANG_WARN_EMPTY_BODY = YES;
				CLANG_WARN_ENUM_CONVERSION = YES;
				CLANG_WARN_INT_CONVERSION = YES;
				CLANG_WARN_OBJC_ROOT_CLASS = YES_ERROR;
				CLANG_WARN_UNREACHABLE_CODE = YES;
				CLANG_WARN__DUPLICATE_METHOD_MATCH = YES;
				CODE_SIGN_IDENTITY = "iPhone Developer";
				"CODE_SIGN_IDENTITY[sdk=iphoneos*]" = "iPhone Developer";
				COPY_PHASE_STRIP = NO;
				DEBUG_INFORMATION_FORMAT = dwarf;
				ENABLE_STRICT_OBJC_MSGSEND = YES;
				ENABLE_TESTABILITY = YES;
				GCC_C_LANGUAGE_STANDARD = gnu99;
				GCC_DYNAMIC_NO_PIC = NO;
				GCC_NO_COMMON_BLOCKS = YES;
				GCC_OPTIMIZATION_LEVEL = 0;
				GCC_PREPROCESSOR_DEFINITIONS = (
					"DEBUG=1",
					"$(inherited)",
				);
				GCC_WARN_64_TO_32_BIT_CONVERSION = YES;
				GCC_WARN_ABOUT_RETURN_TYPE = YES_ERROR;
				GCC_WARN_UNDECLARED_SELECTOR = YES;
				GCC_WARN_UNINITIALIZED_AUTOS = YES_AGGRESSIVE;
				GCC_WARN_UNUSED_FUNCTION = YES;
				GCC_WARN_UNUSED_VARIABLE = YES;
				IPHONEOS_DEPLOYMENT_TARGET = 8.0;
				MTL_ENABLE_DEBUG_INFO = YES;
				ONLY_ACTIVE_ARCH = YES;
				SDKROOT = iphoneos;
				SWIFT_OPTIMIZATION_LEVEL = "-Onone";
			};
			name = Debug;
		};
		5C00E2D71CD92E8F006EB1AA /* Release */ = {
			isa = XCBuildConfiguration;
			buildSettings = {
				ALWAYS_SEARCH_USER_PATHS = NO;
				CLANG_CXX_LANGUAGE_STANDARD = "gnu++0x";
				CLANG_CXX_LIBRARY = "libc++";
				CLANG_ENABLE_MODULES = YES;
				CLANG_ENABLE_OBJC_ARC = YES;
				CLANG_WARN_BOOL_CONVERSION = YES;
				CLANG_WARN_CONSTANT_CONVERSION = YES;
				CLANG_WARN_DIRECT_OBJC_ISA_USAGE = YES_ERROR;
				CLANG_WARN_EMPTY_BODY = YES;
				CLANG_WARN_ENUM_CONVERSION = YES;
				CLANG_WARN_INT_CONVERSION = YES;
				CLANG_WARN_OBJC_ROOT_CLASS = YES_ERROR;
				CLANG_WARN_UNREACHABLE_CODE = YES;
				CLANG_WARN__DUPLICATE_METHOD_MATCH = YES;
				CODE_SIGN_IDENTITY = "iPhone Developer";
				"CODE_SIGN_IDENTITY[sdk=iphoneos*]" = "iPhone Developer";
				COPY_PHASE_STRIP = NO;
				DEBUG_INFORMATION_FORMAT = "dwarf-with-dsym";
				ENABLE_NS_ASSERTIONS = NO;
				ENABLE_STRICT_OBJC_MSGSEND = YES;
				GCC_C_LANGUAGE_STANDARD = gnu99;
				GCC_NO_COMMON_BLOCKS = YES;
				GCC_WARN_64_TO_32_BIT_CONVERSION = YES;
				GCC_WARN_ABOUT_RETURN_TYPE = YES_ERROR;
				GCC_WARN_UNDECLARED_SELECTOR = YES;
				GCC_WARN_UNINITIALIZED_AUTOS = YES_AGGRESSIVE;
				GCC_WARN_UNUSED_FUNCTION = YES;
				GCC_WARN_UNUSED_VARIABLE = YES;
				IPHONEOS_DEPLOYMENT_TARGET = 8.0;
				MTL_ENABLE_DEBUG_INFO = NO;
				SDKROOT = iphoneos;
				VALIDATE_PRODUCT = YES;
			};
			name = Release;
		};
		5C00E2D91CD92E8F006EB1AA /* Debug */ = {
			isa = XCBuildConfiguration;
			buildSettings = {
				ASSETCATALOG_COMPILER_APPICON_NAME = AppIcon;
				CODE_SIGN_IDENTITY = "iPhone Developer";
				INFOPLIST_FILE = RoposoAssignment/Info.plist;
				IPHONEOS_DEPLOYMENT_TARGET = 8.0;
				LD_RUNPATH_SEARCH_PATHS = "$(inherited) @executable_path/Frameworks";
				PRODUCT_BUNDLE_IDENTIFIER = xyz.RoposoAssignment;
				PRODUCT_NAME = "$(TARGET_NAME)";
			};
			name = Debug;
		};
		5C00E2DA1CD92E8F006EB1AA /* Release */ = {
			isa = XCBuildConfiguration;
			buildSettings = {
				ASSETCATALOG_COMPILER_APPICON_NAME = AppIcon;
				CODE_SIGN_IDENTITY = "iPhone Developer";
				INFOPLIST_FILE = RoposoAssignment/Info.plist;
				IPHONEOS_DEPLOYMENT_TARGET = 8.0;
				LD_RUNPATH_SEARCH_PATHS = "$(inherited) @executable_path/Frameworks";
				PRODUCT_BUNDLE_IDENTIFIER = xyz.RoposoAssignment;
				PRODUCT_NAME = "$(TARGET_NAME)";
			};
			name = Release;
		};
/* End XCBuildConfiguration section */

/* Begin XCConfigurationList section */
		5C00E2BE1CD92E8F006EB1AA /* Build configuration list for PBXProject "RoposoAssignment" */ = {
			isa = XCConfigurationList;
			buildConfigurations = (
				5C00E2D61CD92E8F006EB1AA /* Debug */,
				5C00E2D71CD92E8F006EB1AA /* Release */,
			);
			defaultConfigurationIsVisible = 0;
			defaultConfigurationName = Release;
		};
		5C00E2D81CD92E8F006EB1AA /* Build configuration list for PBXNativeTarget "RoposoAssignment" */ = {
			isa = XCConfigurationList;
			buildConfigurations = (
				5C00E2D91CD92E8F006EB1AA /* Debug */,
				5C00E2DA1CD92E8F006EB1AA /* Release */,
			);
			defaultConfigurationIsVisible = 0;
			defaultConfigurationName = Release;
		};
/* End XCConfigurationList section */

/* Begin XCVersionGroup section */
		5C00E2CD1CD92E8F006EB1AA /* RoposoAssignment.xcdatamodeld */ = {
			isa = XCVersionGroup;
			children = (
				5C00E2CE1CD92E8F006EB1AA /* RoposoAssignment.xcdatamodel */,
			);
			currentVersion = 5C00E2CE1CD92E8F006EB1AA /* RoposoAssignment.xcdatamodel */;
			path = RoposoAssignment.xcdatamodeld;
			sourceTree = "<group>";
			versionGroupType = wrapper.xcdatamodel;
		};
/* End XCVersionGroup section */
	};
	rootObject = 5C00E2BB1CD92E8F006EB1AA /* Project object */;
}
